
Microsoft Visual Studio Solution File, Format Version 12.00
# Visual Studio Version 17
VisualStudioVersion = 17.2.32616.157
MinimumVisualStudioVersion = 10.0.40219.1
Project("{FAE04EC0-301F-11D3-BF4B-00C04F79EFBC}") = "IterationStatement", "IterationStatement\IterationStatement.csproj", "{F1012AB3-275B-40DA-A9BD-2449F0CA84C0}"
EndProject
Global
	GlobalSection(SolutionConfigurationPlatforms) = preSolution
		Debug|Any CPU = Debug|Any CPU
		Release|Any CPU = Release|Any CPU
	EndGlobalSection
	GlobalSection(ProjectConfigurationPlatforms) = postSolution
		{F1012AB3-275B-40DA-A9BD-2449F0CA84C0}.Debug|Any CPU.ActiveCfg = Debug|Any CPU
		{F1012AB3-275B-40DA-A9BD-2449F0CA84C0}.Debug|Any CPU.Build.0 = Debug|Any CPU
		{F1012AB3-275B-40DA-A9BD-2449F0CA84C0}.Release|Any CPU.ActiveCfg = Release|Any CPU
		{F1012AB3-275B-40DA-A9BD-2449F0CA84C0}.Release|Any CPU.Build.0 = Release|Any CPU
	EndGlobalSection
	GlobalSection(SolutionProperties) = preSolution
		HideSolutionNode = FALSE
	EndGlobalSection
	GlobalSection(ExtensibilityGlobals) = postSolution
		SolutionGuid = {F82E4EE9-9313-45B0-BC45-EC77C448E4A6}
	EndGlobalSection
EndGlobal
